
Microsoft Visual Studio Solution File, Format Version 12.00
# Visual Studio 15
VisualStudioVersion = 15.0.26124.0
MinimumVisualStudioVersion = 15.0.26124.0
Project("{FAE04EC0-301F-11D3-BF4B-00C04F79EFBC}") = "ProEventos.Application", "ProEventos.Application\ProEventos.Application.csproj", "{A2C9E3DE-66D2-4FEB-84BE-24672444DFCC}"
EndProject
Project("{FAE04EC0-301F-11D3-BF4B-00C04F79EFBC}") = "ProEventos.Domain", "ProEventos.Domain\ProEventos.Domain.csproj", "{D5B3BE7E-AD5E-4A33-9122-CE5C4E2C7FD9}"
EndProject
Project("{FAE04EC0-301F-11D3-BF4B-00C04F79EFBC}") = "ProEventos.API", "ProEventos.Api\ProEventos.API.csproj", "{B111C654-AF38-43DA-B475-3662444699D7}"
EndProject
Project("{FAE04EC0-301F-11D3-BF4B-00C04F79EFBC}") = "ProEventos.Persistence", "ProEventos.Persistence\ProEventos.Persistence.csproj", "{CCA8BF56-1893-4D10-9EE6-0914938C4923}"
EndProject
Global
	GlobalSection(SolutionConfigurationPlatforms) = preSolution
		Debug|Any CPU = Debug|Any CPU
		Debug|x64 = Debug|x64
		Debug|x86 = Debug|x86
		Release|Any CPU = Release|Any CPU
		Release|x64 = Release|x64
		Release|x86 = Release|x86
	EndGlobalSection
	GlobalSection(SolutionProperties) = preSolution
		HideSolutionNode = FALSE
	EndGlobalSection
	GlobalSection(ProjectConfigurationPlatforms) = postSolution
		{A2C9E3DE-66D2-4FEB-84BE-24672444DFCC}.Debug|Any CPU.ActiveCfg = Debug|Any CPU
		{A2C9E3DE-66D2-4FEB-84BE-24672444DFCC}.Debug|Any CPU.Build.0 = Debug|Any CPU
		{A2C9E3DE-66D2-4FEB-84BE-24672444DFCC}.Debug|x64.ActiveCfg = Debug|Any CPU
		{A2C9E3DE-66D2-4FEB-84BE-24672444DFCC}.Debug|x64.Build.0 = Debug|Any CPU
		{A2C9E3DE-66D2-4FEB-84BE-24672444DFCC}.Debug|x86.ActiveCfg = Debug|Any CPU
		{A2C9E3DE-66D2-4FEB-84BE-24672444DFCC}.Debug|x86.Build.0 = Debug|Any CPU
		{A2C9E3DE-66D2-4FEB-84BE-24672444DFCC}.Release|Any CPU.ActiveCfg = Release|Any CPU
		{A2C9E3DE-66D2-4FEB-84BE-24672444DFCC}.Release|Any CPU.Build.0 = Release|Any CPU
		{A2C9E3DE-66D2-4FEB-84BE-24672444DFCC}.Release|x64.ActiveCfg = Release|Any CPU
		{A2C9E3DE-66D2-4FEB-84BE-24672444DFCC}.Release|x64.Build.0 = Release|Any CPU
		{A2C9E3DE-66D2-4FEB-84BE-24672444DFCC}.Release|x86.ActiveCfg = Release|Any CPU
		{A2C9E3DE-66D2-4FEB-84BE-24672444DFCC}.Release|x86.Build.0 = Release|Any CPU
		{D5B3BE7E-AD5E-4A33-9122-CE5C4E2C7FD9}.Debug|Any CPU.ActiveCfg = Debug|Any CPU
		{D5B3BE7E-AD5E-4A33-9122-CE5C4E2C7FD9}.Debug|Any CPU.Build.0 = Debug|Any CPU
		{D5B3BE7E-AD5E-4A33-9122-CE5C4E2C7FD9}.Debug|x64.ActiveCfg = Debug|Any CPU
		{D5B3BE7E-AD5E-4A33-9122-CE5C4E2C7FD9}.Debug|x64.Build.0 = Debug|Any CPU
		{D5B3BE7E-AD5E-4A33-9122-CE5C4E2C7FD9}.Debug|x86.ActiveCfg = Debug|Any CPU
		{D5B3BE7E-AD5E-4A33-9122-CE5C4E2C7FD9}.Debug|x86.Build.0 = Debug|Any CPU
		{D5B3BE7E-AD5E-4A33-9122-CE5C4E2C7FD9}.Release|Any CPU.ActiveCfg = Release|Any CPU
		{D5B3BE7E-AD5E-4A33-9122-CE5C4E2C7FD9}.Release|Any CPU.Build.0 = Release|Any CPU
		{D5B3BE7E-AD5E-4A33-9122-CE5C4E2C7FD9}.Release|x64.ActiveCfg = Release|Any CPU
		{D5B3BE7E-AD5E-4A33-9122-CE5C4E2C7FD9}.Release|x64.Build.0 = Release|Any CPU
		{D5B3BE7E-AD5E-4A33-9122-CE5C4E2C7FD9}.Release|x86.ActiveCfg = Release|Any CPU
		{D5B3BE7E-AD5E-4A33-9122-CE5C4E2C7FD9}.Release|x86.Build.0 = Release|Any CPU
		{B111C654-AF38-43DA-B475-3662444699D7}.Debug|Any CPU.ActiveCfg = Debug|Any CPU
		{B111C654-AF38-43DA-B475-3662444699D7}.Debug|Any CPU.Build.0 = Debug|Any CPU
		{B111C654-AF38-43DA-B475-3662444699D7}.Debug|x64.ActiveCfg = Debug|Any CPU
		{B111C654-AF38-43DA-B475-3662444699D7}.Debug|x64.Build.0 = Debug|Any CPU
		{B111C654-AF38-43DA-B475-3662444699D7}.Debug|x86.ActiveCfg = Debug|Any CPU
		{B111C654-AF38-43DA-B475-3662444699D7}.Debug|x86.Build.0 = Debug|Any CPU
		{B111C654-AF38-43DA-B475-3662444699D7}.Release|Any CPU.ActiveCfg = Release|Any CPU
		{B111C654-AF38-43DA-B475-3662444699D7}.Release|Any CPU.Build.0 = Release|Any CPU
		{B111C654-AF38-43DA-B475-3662444699D7}.Release|x64.ActiveCfg = Release|Any CPU
		{B111C654-AF38-43DA-B475-3662444699D7}.Release|x64.Build.0 = Release|Any CPU
		{B111C654-AF38-43DA-B475-3662444699D7}.Release|x86.ActiveCfg = Release|Any CPU
		{B111C654-AF38-43DA-B475-3662444699D7}.Release|x86.Build.0 = Release|Any CPU
		{CCA8BF56-1893-4D10-9EE6-0914938C4923}.Debug|Any CPU.ActiveCfg = Debug|Any CPU
		{CCA8BF56-1893-4D10-9EE6-0914938C4923}.Debug|Any CPU.Build.0 = Debug|Any CPU
		{CCA8BF56-1893-4D10-9EE6-0914938C4923}.Debug|x64.ActiveCfg = Debug|Any CPU
		{CCA8BF56-1893-4D10-9EE6-0914938C4923}.Debug|x64.Build.0 = Debug|Any CPU
		{CCA8BF56-1893-4D10-9EE6-0914938C4923}.Debug|x86.ActiveCfg = Debug|Any CPU
		{CCA8BF56-1893-4D10-9EE6-0914938C4923}.Debug|x86.Build.0 = Debug|Any CPU
		{CCA8BF56-1893-4D10-9EE6-0914938C4923}.Release|Any CPU.ActiveCfg = Release|Any CPU
		{CCA8BF56-1893-4D10-9EE6-0914938C4923}.Release|Any CPU.Build.0 = Release|Any CPU
		{CCA8BF56-1893-4D10-9EE6-0914938C4923}.Release|x64.ActiveCfg = Release|Any CPU
		{CCA8BF56-1893-4D10-9EE6-0914938C4923}.Release|x64.Build.0 = Release|Any CPU
		{CCA8BF56-1893-4D10-9EE6-0914938C4923}.Release|x86.ActiveCfg = Release|Any CPU
		{CCA8BF56-1893-4D10-9EE6-0914938C4923}.Release|x86.Build.0 = Release|Any CPU
	EndGlobalSection
EndGlobal
